{
  "name": "light-gg-enhancer",
  "version": "1.0.0",
  "lockfileVersion": 3,
  "requires": true,
  "packages": {
    "": {
      "name": "light-gg-enhancer",
      "version": "1.0.0",
      "license": "ISC",
      "dependencies": {
        "undici": "^6.18.2"
      }
    },
    "node_modules/undici": {
      "version": "6.18.2",
      "resolved": "https://registry.npmmirror.com/undici/-/undici-6.18.2.tgz",
      "integrity": "sha512-o/MQLTwRm9IVhOqhZ0NQ9oXax1ygPjw6Vs+Vq/4QRjbOAC3B1GCHy7TYxxbExKlb7bzDRzt9vBWU6BDz0RFfYg==",
      "engines": {
        "node": ">=18.17"
      }
    }
  }
}
